
Microsoft Visual Studio Solution File, Format Version 12.00
# Visual Studio 15
VisualStudioVersion = 15.0.26730.12
MinimumVisualStudioVersion = 10.0.40219.1
Project("{9A19103F-16F7-4668-BE54-9A1E7A4F7556}") = "Server.Extensibility", "Server.Extensibility\Server.Extensibility.csproj", "{EDD50B77-4B5E-476C-8A66-583B7FD3FE4A}"
EndProject
Project("{2150E333-8FDC-42A3-9474-1A3956D46DE8}") = "Solution Items", "Solution Items", "{E9834D94-8483-4ACF-A9AA-3F062746A8D0}"
	ProjectSection(SolutionItems) = preProject
		Solution Items\SolutionInfo.cs = Solution Items\SolutionInfo.cs
		Solution Items\VersionInfo.cs = Solution Items\VersionInfo.cs
	EndProjectSection
EndProject
Project("{9A19103F-16F7-4668-BE54-9A1E7A4F7556}") = "Node.Extensibility", "Node.Extensibility\Node.Extensibility.csproj", "{7B791C6F-CD6E-47F6-ADFA-EE4CD01E8C49}"
EndProject
Project("{2150E333-8FDC-42A3-9474-1A3956D46DE8}") = "Tests", "Tests", "{C9A16682-18BE-42D5-B7FE-E3E36AFC19B6}"
EndProject
Project("{9A19103F-16F7-4668-BE54-9A1E7A4F7556}") = "Node.Extensibility.Tests", "Node.Extensibility.Tests\Node.Extensibility.Tests.csproj", "{5EC7E367-B861-47F7-9028-55A96DDA4463}"
EndProject
Global
	GlobalSection(SolutionConfigurationPlatforms) = preSolution
		Debug|Any CPU = Debug|Any CPU
		Release|Any CPU = Release|Any CPU
	EndGlobalSection
	GlobalSection(ProjectConfigurationPlatforms) = postSolution
		{EDD50B77-4B5E-476C-8A66-583B7FD3FE4A}.Debug|Any CPU.ActiveCfg = Debug|Any CPU
		{EDD50B77-4B5E-476C-8A66-583B7FD3FE4A}.Debug|Any CPU.Build.0 = Debug|Any CPU
		{EDD50B77-4B5E-476C-8A66-583B7FD3FE4A}.Release|Any CPU.ActiveCfg = Release|Any CPU
		{EDD50B77-4B5E-476C-8A66-583B7FD3FE4A}.Release|Any CPU.Build.0 = Release|Any CPU
		{7B791C6F-CD6E-47F6-ADFA-EE4CD01E8C49}.Debug|Any CPU.ActiveCfg = Debug|Any CPU
		{7B791C6F-CD6E-47F6-ADFA-EE4CD01E8C49}.Debug|Any CPU.Build.0 = Debug|Any CPU
		{7B791C6F-CD6E-47F6-ADFA-EE4CD01E8C49}.Release|Any CPU.ActiveCfg = Release|Any CPU
		{7B791C6F-CD6E-47F6-ADFA-EE4CD01E8C49}.Release|Any CPU.Build.0 = Release|Any CPU
		{5EC7E367-B861-47F7-9028-55A96DDA4463}.Debug|Any CPU.ActiveCfg = Debug|Any CPU
		{5EC7E367-B861-47F7-9028-55A96DDA4463}.Debug|Any CPU.Build.0 = Debug|Any CPU
		{5EC7E367-B861-47F7-9028-55A96DDA4463}.Release|Any CPU.ActiveCfg = Release|Any CPU
		{5EC7E367-B861-47F7-9028-55A96DDA4463}.Release|Any CPU.Build.0 = Release|Any CPU
	EndGlobalSection
	GlobalSection(SolutionProperties) = preSolution
		HideSolutionNode = FALSE
	EndGlobalSection
	GlobalSection(NestedProjects) = preSolution
		{5EC7E367-B861-47F7-9028-55A96DDA4463} = {C9A16682-18BE-42D5-B7FE-E3E36AFC19B6}
	EndGlobalSection
	GlobalSection(ExtensibilityGlobals) = postSolution
		SolutionGuid = {17AE9A44-CB11-40CA-AF55-19E0F545EE8C}
	EndGlobalSection
EndGlobal
